PODS:
  - Alamofire (4.8.1)
  - Fakery (3.4.0)
  - SwipeableTabBarController (1.4.0)

DEPENDENCIES:
  - Alamofire (~> 4.8.1)
  - Fakery (~> 3.4.0)
  - SwipeableTabBarController (~> 1.4.0)

SPEC REPOS:
  https://github.com/cocoapods/specs.git:
    - Alamofire
    - Fakery
    - SwipeableTabBarController

SPEC CHECKSUMS:
  Alamofire: 16ce2c353fb72865124ddae8a57c5942388f4f11
  Fakery: 885e894a3e7c392e1da96c6e46a1abe5a0b28686
  SwipeableTabBarController: 3a393aa51f1c49c4517b05047c2688a6175c634c

PODFILE CHECKSUM: 6a0623b3de8fce3639743d60283b32e99a9cfd19

COCOAPODS: 1.6.0
